
Microsoft Visual Studio Solution File, Format Version 12.00
# Visual Studio Version 16
VisualStudioVersion = 16.0.35026.282
MinimumVisualStudioVersion = 10.0.40219.1
Project("{FAE04EC0-301F-11D3-BF4B-00C04F79EFBC}") = "determinarNumPar", "determinarNumPar.csproj", "{3A5E5BE0-0D90-43ED-B3A4-9B60615C2394}"
EndProject
Project("{FAE04EC0-301F-11D3-BF4B-00C04F79EFBC}") = "determinarMaxDivisor", "..\determinarMaxDivisor\determinarMaxDivisor.csproj", "{107C2C42-1CB5-4C31-9B61-F94778A6739B}"
EndProject
Project("{FAE04EC0-301F-11D3-BF4B-00C04F79EFBC}") = "determinarNumPrimos", "..\determinarNumPrimos\determinarNumPrimos.csproj", "{C2CBE2DA-F1FA-4998-BB86-82063C997286}"
EndProject
Global
	GlobalSection(SolutionConfigurationPlatforms) = preSolution
		Debug|Any CPU = Debug|Any CPU
		Release|Any CPU = Release|Any CPU
	EndGlobalSection
	GlobalSection(ProjectConfigurationPlatforms) = postSolution
		{3A5E5BE0-0D90-43ED-B3A4-9B60615C2394}.Debug|Any CPU.ActiveCfg = Debug|Any CPU
		{3A5E5BE0-0D90-43ED-B3A4-9B60615C2394}.Debug|Any CPU.Build.0 = Debug|Any CPU
		{3A5E5BE0-0D90-43ED-B3A4-9B60615C2394}.Release|Any CPU.ActiveCfg = Release|Any CPU
		{3A5E5BE0-0D90-43ED-B3A4-9B60615C2394}.Release|Any CPU.Build.0 = Release|Any CPU
		{107C2C42-1CB5-4C31-9B61-F94778A6739B}.Debug|Any CPU.ActiveCfg = Debug|Any CPU
		{107C2C42-1CB5-4C31-9B61-F94778A6739B}.Debug|Any CPU.Build.0 = Debug|Any CPU
		{107C2C42-1CB5-4C31-9B61-F94778A6739B}.Release|Any CPU.ActiveCfg = Release|Any CPU
		{107C2C42-1CB5-4C31-9B61-F94778A6739B}.Release|Any CPU.Build.0 = Release|Any CPU
		{C2CBE2DA-F1FA-4998-BB86-82063C997286}.Debug|Any CPU.ActiveCfg = Debug|Any CPU
		{C2CBE2DA-F1FA-4998-BB86-82063C997286}.Debug|Any CPU.Build.0 = Debug|Any CPU
		{C2CBE2DA-F1FA-4998-BB86-82063C997286}.Release|Any CPU.ActiveCfg = Release|Any CPU
		{C2CBE2DA-F1FA-4998-BB86-82063C997286}.Release|Any CPU.Build.0 = Release|Any CPU
	EndGlobalSection
	GlobalSection(SolutionProperties) = preSolution
		HideSolutionNode = FALSE
	EndGlobalSection
	GlobalSection(ExtensibilityGlobals) = postSolution
		SolutionGuid = {BC7339D0-6C1B-4B35-8B9A-B36CEF7DFB5E}
	EndGlobalSection
EndGlobal
